{
  "name": "LightBLE",
  "version": "1.0.0",
  "lockfileVersion": 3,
  "requires": true,
  "packages": {
    "": {
      "name": "LightBLE",
      "version": "1.0.0",
      "dependencies": {
        "@dcloudio/uni-ui": "^1.5.7",
        "pinia": "^3.0.4"
      }
    },
    "node_modules/@babel/helper-string-parser": {
      "version": "7.27.1",
      "resolved": "https://registry.npmjs.org/@babel/helper-string-parser/-/helper-string-parser-7.27.1.tgz",
      "integrity": "sha512-qMlSxKbpRlAridDExk92nSobyDdpPijUq2DW6oDnUqd0iOGxmQjyqhMIihI9+zv4LPyZdRje2cavWPbCbWm3eA==",
      "license": "MIT",
      "peer": true,
      "engines": {
        "node": ">=6.9.0"
      }
    },
    "node_modules/@babel/helper-validator-identifier": {
      "version": "7.28.5",
      "resolved": "https://registry.npmjs.org/@babel/helper-validator-identifier/-/helper-validator-identifier-7.28.5.tgz",
      "integrity": "sha512-qSs4ifwzKJSV39ucNjsvc6WVHs6b7S03sOh2OcHF9UHfVPqWWALUsNUVzhSBiItjRZoLHx7nIarVjqKVusUZ1Q==",
      "license": "MIT",
      "peer": true,
      "engines": {
        "node": ">=6.9.0"
      }
    },
    "node_modules/@babel/parser": {
      "version": "7.29.2",
      "resolved": "https://registry.npmjs.org/@babel/parser/-/parser-7.29.2.tgz",
      "integrity": "sha512-4GgRzy/+fsBa72/RZVJmGKPmZu9Byn8o4MoLpmNe1m8ZfYnz5emHLQz3U4gLud6Zwl0RZIcgiLD7Uq7ySFuDLA==",
      "license": "MIT",
      "peer": true,
      "dependencies": {
        "@babel/types": "^7.29.0"
      },
      "bin": {
        "parser": "bin/babel-parser.js"
      },
      "engines": {
        "node": ">=6.0.0"
      }
    },
    "node_modules/@babel/types": {
      "version": "7.29.0",
      "resolved": "https://registry.npmjs.org/@babel/types/-/types-7.29.0.tgz",
      "integrity": "sha512-LwdZHpScM4Qz8Xw2iKSzS+cfglZzJGvofQICy7W7v4caru4EaAmyUuO6BGrbyQ2mYV11W0U8j5mBhd14dd3B0A==",
      "license": "MIT",
      "peer": true,
      "dependencies": {
        "@babel/helper-string-parser": "^7.27.1",
        "@babel/helper-validator-identifier": "^7.28.5"
      },
      "engines": {
        "node": ">=6.9.0"
      }
    },
    "node_modules/@dcloudio/uni-ui": {
      "version": "1.5.12",
      "resolved": "https://registry.npmjs.org/@dcloudio/uni-ui/-/uni-ui-1.5.12.tgz",
      "integrity": "sha512-mGDl2OZSz7D8xcUAzJegWDHOqB4MEFBSW9Esb/oJiu2/3Gk9+P/Z4bA4JZ9jv9VWBYbMrYwaTfK1Z728kABdYg==",
      "license": "Apache-2.0"
    },
    "node_modules/@jridgewell/sourcemap-codec": {
      "version": "1.5.5",
      "resolved": "https://registry.npmjs.org/@jridgewell/sourcemap-codec/-/sourcemap-codec-1.5.5.tgz",
      "integrity": "sha512-cYQ9310grqxueWbl+WuIUIaiUaDcj7WOq5fVhEljNVgRfOUhY9fy2zTvfoqWsnebh8Sl70VScFbICvJnLKB0Og==",
      "license": "MIT",
      "peer": true
    },
    "node_modules/@vue/compiler-core": {
      "version": "3.5.32",
      "resolved": "https://registry.npmjs.org/@vue/compiler-core/-/compiler-core-3.5.32.tgz",
      "integrity": "sha512-4x74Tbtqnda8s/NSD6e1Dr5p1c8HdMU5RWSjMSUzb8RTcUQqevDCxVAitcLBKT+ie3o0Dl9crc/S/opJM7qBGQ==",
      "license": "MIT",
      "peer": true,
      "dependencies": {
        "@babel/parser": "^7.29.2",
        "@vue/shared": "3.5.32",
        "entities": "^7.0.1",
        "estree-walker": "^2.0.2",
        "source-map-js": "^1.2.1"
      }
    },
    "node_modules/@vue/compiler-dom": {
      "version": "3.5.32",
      "resolved": "https://registry.npmjs.org/@vue/compiler-dom/-/compiler-dom-3.5.32.tgz",
      "integrity": "sha512-ybHAu70NtiEI1fvAUz3oXZqkUYEe5J98GjMDpTGl5iHb0T15wQYLR4wE3h9xfuTNA+Cm2f4czfe8B4s+CCH57Q==",
      "license": "MIT",
      "peer": true,
      "dependencies": {
        "@vue/compiler-core": "3.5.32",
        "@vue/shared": "3.5.32"
      }
    },
    "node_modules/@vue/compiler-sfc": {
      "version": "3.5.32",
      "resolved": "https://registry.npmjs.org/@vue/compiler-sfc/-/compiler-sfc-3.5.32.tgz",
      "integrity": "sha512-8UYUYo71cP/0YHMO814TRZlPuUUw3oifHuMR7Wp9SNoRSrxRQnhMLNlCeaODNn6kNTJsjFoQ/kqIj4qGvya4Xg==",
      "license": "MIT",
      "peer": true,
      "dependencies": {
        "@babel/parser": "^7.29.2",
        "@vue/compiler-core": "3.5.32",
        "@vue/compiler-dom": "3.5.32",
        "@vue/compiler-ssr": "3.5.32",
        "@vue/shared": "3.5.32",
        "estree-walker": "^2.0.2",
        "magic-string": "^0.30.21",
        "postcss": "^8.5.8",
        "source-map-js": "^1.2.1"
      }
    },
    "node_modules/@vue/compiler-ssr": {
      "version": "3.5.32",
      "resolved": "https://registry.npmjs.org/@vue/compiler-ssr/-/compiler-ssr-3.5.32.tgz",
      "integrity": "sha512-Gp4gTs22T3DgRotZ8aA/6m2jMR+GMztvBXUBEUOYOcST+giyGWJ4WvFd7QLHBkzTxkfOt8IELKNdpzITLbA2rw==",
      "license": "MIT",
      "peer": true,
      "dependencies": {
        "@vue/compiler-dom": "3.5.32",
        "@vue/shared": "3.5.32"
      }
    },
    "node_modules/@vue/devtools-api": {
      "version": "7.7.9",
      "resolved": "https://registry.npmjs.org/@vue/devtools-api/-/devtools-api-7.7.9.tgz",
      "integrity": "sha512-kIE8wvwlcZ6TJTbNeU2HQNtaxLx3a84aotTITUuL/4bzfPxzajGBOoqjMhwZJ8L9qFYDU/lAYMEEm11dnZOD6g==",
      "license": "MIT",
      "dependencies": {
        "@vue/devtools-kit": "^7.7.9"
      }
    },
    "node_modules/@vue/devtools-kit": {
      "version": "7.7.9",
      "resolved": "https://registry.npmjs.org/@vue/devtools-kit/-/devtools-kit-7.7.9.tgz",
      "integrity": "sha512-PyQ6odHSgiDVd4hnTP+aDk2X4gl2HmLDfiyEnn3/oV+ckFDuswRs4IbBT7vacMuGdwY/XemxBoh302ctbsptuA==",
      "license": "MIT",
      "dependencies": {
        "@vue/devtools-shared": "^7.7.9",
        "birpc": "^2.3.0",
        "hookable": "^5.5.3",
        "mitt": "^3.0.1",
        "perfect-debounce": "^1.0.0",
        "speakingurl": "^14.0.1",
        "superjson": "^2.2.2"
      }
    },
    "node_modules/@vue/devtools-shared": {
      "version": "7.7.9",
      "resolved": "https://registry.npmjs.org/@vue/devtools-shared/-/devtools-shared-7.7.9.tgz",
      "integrity": "sha512-iWAb0v2WYf0QWmxCGy0seZNDPdO3Sp5+u78ORnyeonS6MT4PC7VPrryX2BpMJrwlDeaZ6BD4vP4XKjK0SZqaeA==",
      "license": "MIT",
      "dependencies": {
        "rfdc": "^1.4.1"
      }
    },
    "node_modules/@vue/reactivity": {
      "version": "3.5.32",
      "resolved": "https://registry.npmjs.org/@vue/reactivity/-/reactivity-3.5.32.tgz",
      "integrity": "sha512-/ORasxSGvZ6MN5gc+uE364SxFdJ0+WqVG0CENXaGW58TOCdrAW76WWaplDtECeS1qphvtBZtR+3/o1g1zL4xPQ==",
      "license": "MIT",
      "peer": true,
      "dependencies": {
        "@vue/shared": "3.5.32"
      }
    },
    "node_modules/@vue/runtime-core": {
      "version": "3.5.32",
      "resolved": "https://registry.npmjs.org/@vue/runtime-core/-/runtime-core-3.5.32.tgz",
      "integrity": "sha512-pDrXCejn4UpFDFmMd27AcJEbHaLemaE5o4pbb7sLk79SRIhc6/t34BQA7SGNgYtbMnvbF/HHOftYBgFJtUoJUQ==",
      "license": "MIT",
      "peer": true,
      "dependencies": {
        "@vue/reactivity": "3.5.32",
        "@vue/shared": "3.5.32"
      }
    },
    "node_modules/@vue/runtime-dom": {
      "version": "3.5.32",
      "resolved": "https://registry.npmjs.org/@vue/runtime-dom/-/runtime-dom-3.5.32.tgz",
      "integrity": "sha512-1CDVv7tv/IV13V8Nip1k/aaObVbWqRlVCVezTwx3K07p7Vxossp5JU1dcPNhJk3w347gonIUT9jQOGutyJrSVQ==",
      "license": "MIT",
      "peer": true,
      "dependencies": {
        "@vue/reactivity": "3.5.32",
        "@vue/runtime-core": "3.5.32",
        "@vue/shared": "3.5.32",
        "csstype": "^3.2.3"
      }
    },
    "node_modules/@vue/server-renderer": {
      "version": "3.5.32",
      "resolved": "https://registry.npmjs.org/@vue/server-renderer/-/server-renderer-3.5.32.tgz",
      "integrity": "sha512-IOjm2+JQwRFS7W28HNuJeXQle9KdZbODFY7hFGVtnnghF51ta20EWAZJHX+zLGtsHhaU6uC9BGPV52KVpYryMQ==",
      "license": "MIT",
      "peer": true,
      "dependencies": {
        "@vue/compiler-ssr": "3.5.32",
        "@vue/shared": "3.5.32"
      },
      "peerDependencies": {
        "vue": "3.5.32"
      }
    },
    "node_modules/@vue/shared": {
      "version": "3.5.32",
      "resolved": "https://registry.npmjs.org/@vue/shared/-/shared-3.5.32.tgz",
      "integrity": "sha512-ksNyrmRQzWJJ8n3cRDuSF7zNNontuJg1YHnmWRJd2AMu8Ij2bqwiiri2lH5rHtYPZjj4STkNcgcmiQqlOjiYGg==",
      "license": "MIT",
      "peer": true
    },
    "node_modules/birpc": {
      "version": "2.9.0",
      "resolved": "https://registry.npmjs.org/birpc/-/birpc-2.9.0.tgz",
      "integrity": "sha512-KrayHS5pBi69Xi9JmvoqrIgYGDkD6mcSe/i6YKi3w5kekCLzrX4+nawcXqrj2tIp50Kw/mT/s3p+GVK0A0sKxw==",
      "license": "MIT",
      "funding": {
        "url": "https://github.com/sponsors/antfu"
      }
    },
    "node_modules/copy-anything": {
      "version": "4.0.5",
      "resolved": "https://registry.npmjs.org/copy-anything/-/copy-anything-4.0.5.tgz",
      "integrity": "sha512-7Vv6asjS4gMOuILabD3l739tsaxFQmC+a7pLZm02zyvs8p977bL3zEgq3yDk5rn9B0PbYgIv++jmHcuUab4RhA==",
      "license": "MIT",
      "dependencies": {
        "is-what": "^5.2.0"
      },
      "engines": {
        "node": ">=18"
      },
      "funding": {
        "url": "https://github.com/sponsors/mesqueeb"
      }
    },
    "node_modules/csstype": {
      "version": "3.2.3",
      "resolved": "https://registry.npmjs.org/csstype/-/csstype-3.2.3.tgz",
      "integrity": "sha512-z1HGKcYy2xA8AGQfwrn0PAy+PB7X/GSj3UVJW9qKyn43xWa+gl5nXmU4qqLMRzWVLFC8KusUX8T/0kCiOYpAIQ==",
      "license": "MIT",
      "peer": true
    },
    "node_modules/entities": {
      "version": "7.0.1",
      "resolved": "https://registry.npmjs.org/entities/-/entities-7.0.1.tgz",
      "integrity": "sha512-TWrgLOFUQTH994YUyl1yT4uyavY5nNB5muff+RtWaqNVCAK408b5ZnnbNAUEWLTCpum9w6arT70i1XdQ4UeOPA==",
      "license": "BSD-2-Clause",
      "peer": true,
      "engines": {
        "node": ">=0.12"
      },
      "funding": {
        "url": "https://github.com/fb55/entities?sponsor=1"
      }
    },
    "node_modules/estree-walker": {
      "version": "2.0.2",
      "resolved": "https://registry.npmjs.org/estree-walker/-/estree-walker-2.0.2.tgz",
      "integrity": "sha512-Rfkk/Mp/DL7JVje3u18FxFujQlTNR2q6QfMSMB7AvCBx91NGj/ba3kCfza0f6dVDbw7YlRf/nDrn7pQrCCyQ/w==",
      "license": "MIT",
      "peer": true
    },
    "node_modules/hookable": {
      "version": "5.5.3",
      "resolved": "https://registry.npmjs.org/hookable/-/hookable-5.5.3.tgz",
      "integrity": "sha512-Yc+BQe8SvoXH1643Qez1zqLRmbA5rCL+sSmk6TVos0LWVfNIB7PGncdlId77WzLGSIB5KaWgTaNTs2lNVEI6VQ==",
      "license": "MIT"
    },
    "node_modules/is-what": {
      "version": "5.5.0",
      "resolved": "https://registry.npmjs.org/is-what/-/is-what-5.5.0.tgz",
      "integrity": "sha512-oG7cgbmg5kLYae2N5IVd3jm2s+vldjxJzK1pcu9LfpGuQ93MQSzo0okvRna+7y5ifrD+20FE8FvjusyGaz14fw==",
      "license": "MIT",
      "engines": {
        "node": ">=18"
      },
      "funding": {
        "url": "https://github.com/sponsors/mesqueeb"
      }
    },
    "node_modules/magic-string": {
      "version": "0.30.21",
      "resolved": "https://registry.npmjs.org/magic-string/-/magic-string-0.30.21.tgz",
      "integrity": "sha512-vd2F4YUyEXKGcLHoq+TEyCjxueSeHnFxyyjNp80yg0XV4vUhnDer/lvvlqM/arB5bXQN5K2/3oinyCRyx8T2CQ==",
      "license": "MIT",
      "peer": true,
      "dependencies": {
        "@jridgewell/sourcemap-codec": "^1.5.5"
      }
    },
    "node_modules/mitt": {
      "version": "3.0.1",
      "resolved": "https://registry.npmjs.org/mitt/-/mitt-3.0.1.tgz",
      "integrity": "sha512-vKivATfr97l2/QBCYAkXYDbrIWPM2IIKEl7YPhjCvKlG3kE2gm+uBo6nEXK3M5/Ffh/FLpKExzOQ3JJoJGFKBw==",
      "license": "MIT"
    },
    "node_modules/nanoid": {
      "version": "3.3.11",
      "resolved": "https://registry.npmjs.org/nanoid/-/nanoid-3.3.11.tgz",
      "integrity": "sha512-N8SpfPUnUp1bK+PMYW8qSWdl9U+wwNWI4QKxOYDy9JAro3WMX7p2OeVRF9v+347pnakNevPmiHhNmZ2HbFA76w==",
      "funding": [
        {
          "type": "github",
          "url": "https://github.com/sponsors/ai"
        }
      ],
      "license": "MIT",
      "peer": true,
      "bin": {
        "nanoid": "bin/nanoid.cjs"
      },
      "engines": {
        "node": "^10 || ^12 || ^13.7 || ^14 || >=15.0.1"
      }
    },
    "node_modules/perfect-debounce": {
      "version": "1.0.0",
      "resolved": "https://registry.npmjs.org/perfect-debounce/-/perfect-debounce-1.0.0.tgz",
      "integrity": "sha512-xCy9V055GLEqoFaHoC1SoLIaLmWctgCUaBaWxDZ7/Zx4CTyX7cJQLJOok/orfjZAh9kEYpjJa4d0KcJmCbctZA==",
      "license": "MIT"
    },
    "node_modules/picocolors": {
      "version": "1.1.1",
      "resolved": "https://registry.npmjs.org/picocolors/-/picocolors-1.1.1.tgz",
      "integrity": "sha512-xceH2snhtb5M9liqDsmEw56le376mTZkEX/jEb/RxNFyegNul7eNslCXP9FDj/Lcu0X8KEyMceP2ntpaHrDEVA==",
      "license": "ISC",
      "peer": true
    },
    "node_modules/pinia": {
      "version": "3.0.4",
      "resolved": "https://registry.npmjs.org/pinia/-/pinia-3.0.4.tgz",
      "integrity": "sha512-l7pqLUFTI/+ESXn6k3nu30ZIzW5E2WZF/LaHJEpoq6ElcLD+wduZoB2kBN19du6K/4FDpPMazY2wJr+IndBtQw==",
      "license": "MIT",
      "dependencies": {
        "@vue/devtools-api": "^7.7.7"
      },
      "funding": {
        "url": "https://github.com/sponsors/posva"
      },
      "peerDependencies": {
        "typescript": ">=4.5.0",
        "vue": "^3.5.11"
      },
      "peerDependenciesMeta": {
        "typescript": {
          "optional": true
        }
      }
    },
    "node_modules/postcss": {
      "version": "8.5.9",
      "resolved": "https://registry.npmjs.org/postcss/-/postcss-8.5.9.tgz",
      "integrity": "sha512-7a70Nsot+EMX9fFU3064K/kdHWZqGVY+BADLyXc8Dfv+mTLLVl6JzJpPaCZ2kQL9gIJvKXSLMHhqdRRjwQeFtw==",
      "funding": [
        {
          "type": "opencollective",
          "url": "https://opencollective.com/postcss/"
        },
        {
          "type": "tidelift",
          "url": "https://tidelift.com/funding/github/npm/postcss"
        },
        {
          "type": "github",
          "url": "https://github.com/sponsors/ai"
        }
      ],
      "license": "MIT",
      "peer": true,
      "dependencies": {
        "nanoid": "^3.3.11",
        "picocolors": "^1.1.1",
        "source-map-js": "^1.2.1"
      },
      "engines": {
        "node": "^10 || ^12 || >=14"
      }
    },
    "node_modules/rfdc": {
      "version": "1.4.1",
      "resolved": "https://registry.npmjs.org/rfdc/-/rfdc-1.4.1.tgz",
      "integrity": "sha512-q1b3N5QkRUWUl7iyylaaj3kOpIT0N2i9MqIEQXP73GVsN9cw3fdx8X63cEmWhJGi2PPCF23Ijp7ktmd39rawIA==",
      "license": "MIT"
    },
    "node_modules/source-map-js": {
      "version": "1.2.1",
      "resolved": "https://registry.npmjs.org/source-map-js/-/source-map-js-1.2.1.tgz",
      "integrity": "sha512-UXWMKhLOwVKb728IUtQPXxfYU+usdybtUrK/8uGE8CQMvrhOpwvzDBwj0QhSL7MQc7vIsISBG8VQ8+IDQxpfQA==",
      "license": "BSD-3-Clause",
      "peer": true,
      "engines": {
        "node": ">=0.10.0"
      }
    },
    "node_modules/speakingurl": {
      "version": "14.0.1",
      "resolved": "https://registry.npmjs.org/speakingurl/-/speakingurl-14.0.1.tgz",
      "integrity": "sha512-1POYv7uv2gXoyGFpBCmpDVSNV74IfsWlDW216UPjbWufNf+bSU6GdbDsxdcxtfwb4xlI3yxzOTKClUosxARYrQ==",
      "license": "BSD-3-Clause",
      "engines": {
        "node": ">=0.10.0"
      }
    },
    "node_modules/superjson": {
      "version": "2.2.6",
      "resolved": "https://registry.npmjs.org/superjson/-/superjson-2.2.6.tgz",
      "integrity": "sha512-H+ue8Zo4vJmV2nRjpx86P35lzwDT3nItnIsocgumgr0hHMQ+ZGq5vrERg9kJBo5AWGmxZDhzDo+WVIJqkB0cGA==",
      "license": "MIT",
      "dependencies": {
        "copy-anything": "^4"
      },
      "engines": {
        "node": ">=16"
      }
    },
    "node_modules/vue": {
      "version": "3.5.32",
      "resolved": "https://registry.npmjs.org/vue/-/vue-3.5.32.tgz",
      "integrity": "sha512-vM4z4Q9tTafVfMAK7IVzmxg34rSzTFMyIe0UUEijUCkn9+23lj0WRfA83dg7eQZIUlgOSGrkViIaCfqSAUXsMw==",
      "license": "MIT",
      "peer": true,
      "dependencies": {
        "@vue/compiler-dom": "3.5.32",
        "@vue/compiler-sfc": "3.5.32",
        "@vue/runtime-dom": "3.5.32",
        "@vue/server-renderer": "3.5.32",
        "@vue/shared": "3.5.32"
      },
      "peerDependencies": {
        "typescript": "*"
      },
      "peerDependenciesMeta": {
        "typescript": {
          "optional": true
        }
      }
    }
  }
}
