// !$*UTF8*$!
{
	archiveVersion = 1;
	classes = {
	};
	objectVersion = 77;
	objects = {

/* Begin PBXBuildFile section */
		02984DA30B01E06660866F19 /* box.png in Resources */ = {isa = PBXBuildFile; fileRef = B19E5990363F73DC83E6CA57 /* box.png */; };
		02C1E9A863F5B0F75C07AAC3 /* FilterPanel.swift in Sources */ = {isa = PBXBuildFile; fileRef = 56BB7ACAD0145FCA623322D7 /* FilterPanel.swift */; };
		034E5E5D025224B4D6451B32 /* OtaUpgradeDialog.swift in Sources */ = {isa = PBXBuildFile; fileRef = 52779D52F0DFC170465641E4 /* OtaUpgradeDialog.swift */; };
		0559D24DED38048DE321B2E1 /* HidProvisionManager.swift in Sources */ = {isa = PBXBuildFile; fileRef = 082D316469BAA45C08860A49 /* HidProvisionManager.swift */; };
		06330C84ACA2567B81B0F84E /* tab-link.svg in Resources */ = {isa = PBXBuildFile; fileRef = FD6E9C113CB540672F223626 /* tab-link.svg */; };
		069755C8343B8C3B00C74985 /* AppleSharedCoreWiringTests.swift in Sources */ = {isa = PBXBuildFile; fileRef = 13E2AA0791F9F19E24C9AB33 /* AppleSharedCoreWiringTests.swift */; };
		096EC2E2DD28621B93D2E4EF /* SmartHidQrScanner.swift in Sources */ = {isa = PBXBuildFile; fileRef = 39729EE1F35ECA27CD1C6D57 /* SmartHidQrScanner.swift */; };
		097C4AFB40A786795E7927CE /* SmartHidCore in Frameworks */ = {isa = PBXBuildFile; productRef = 3248CA4C5D97F11B0A524166 /* SmartHidCore */; };
		10EA2585DDFD1748B70C74D2 /* bt.svg in Resources */ = {isa = PBXBuildFile; fileRef = 932FCEB76F117168BE34D4FF /* bt.svg */; };
		1BFF657A638115F8CBB179D2 /* Logger.swift in Sources */ = {isa = PBXBuildFile; fileRef = E22A8998DC94EAC6893EC901 /* Logger.swift */; };
		1F4F7E8A02FD10B207986A5C /* SmartHidCore in Frameworks */ = {isa = PBXBuildFile; productRef = 8F9D803588D9FB74511D876F /* SmartHidCore */; };
		225C429A6FDD1EDC1AE93C26 /* bt.png in Resources */ = {isa = PBXBuildFile; fileRef = 7D67DC154DABAD8A2D7A79CC /* bt.png */; };
		2CE70E0DA00FF8E86555F06B /* LogPanel.swift in Sources */ = {isa = PBXBuildFile; fileRef = 137F253935B8138373A74D80 /* LogPanel.swift */; };
		3B84C81AA4A1C69D6F02E4D3 /* ServicePanel.swift in Sources */ = {isa = PBXBuildFile; fileRef = 462DA3B443181DB32C47D13E /* ServicePanel.swift */; };
		3CDB7BCA1DD5A74CEC88270B /* WriteDialog.swift in Sources */ = {isa = PBXBuildFile; fileRef = C3A4DB018938F07D52FB634F /* WriteDialog.swift */; };
		3CDCDEED2003B09499EA43E0 /* radar.png in Resources */ = {isa = PBXBuildFile; fileRef = 353DD7C7D567716B4275A7DA /* radar.png */; };
		40B426BD179EFB99E60E7821 /* share_card.png in Resources */ = {isa = PBXBuildFile; fileRef = C147C380D7B5409A069AEE00 /* share_card.png */; };
		53E924BCD78C282F5EA12FAF /* BroadcastView.swift in Sources */ = {isa = PBXBuildFile; fileRef = D8A6671DD294AC769FEBC338 /* BroadcastView.swift */; };
		5669025A5A57E48D9EEFADCC /* radar.svg in Resources */ = {isa = PBXBuildFile; fileRef = D4732E6CD458D0E53506B9DB /* radar.svg */; };
		57537C7182D48D0BB032C814 /* about-hero.png in Resources */ = {isa = PBXBuildFile; fileRef = 1182918520BEA6E16E071F11 /* about-hero.png */; };
		633C94A76093D159A92F37CB /* tab-scan.svg in Resources */ = {isa = PBXBuildFile; fileRef = DB960B568BF716F01E75939B /* tab-scan.svg */; };
		6696F7BB157029F12D505B04 /* tab-scan.png in Resources */ = {isa = PBXBuildFile; fileRef = 214EC627A3E1D4D8CCA10D18 /* tab-scan.png */; };
		68DF476C49CA0238E0B54BD7 /* share.png in Resources */ = {isa = PBXBuildFile; fileRef = 379EDFD1A1865294CCF5CCBB /* share.png */; };
		6DCF321F6600F24CF5E1EB53 /* VersionHistoryView.swift in Sources */ = {isa = PBXBuildFile; fileRef = DEF1B6E77489C8AC6C3ECAC0 /* VersionHistoryView.swift */; };
		6F88CC4C9F9D9C85A883134C /* BLEModels.swift in Sources */ = {isa = PBXBuildFile; fileRef = A8E7C88C56F5158B76242441 /* BLEModels.swift */; };
		755FC5EC754408DE8917B0EA /* ReleaseMetadata.swift in Sources */ = {isa = PBXBuildFile; fileRef = 5887751BF8D9EEF34776C108 /* ReleaseMetadata.swift */; };
		7E461111074363D3F9F64892 /* NativePreviewHarness.swift in Sources */ = {isa = PBXBuildFile; fileRef = 2A26FEFDAD57751BC05BA2C6 /* NativePreviewHarness.swift */; };
		8414C3B75253591FB9951615 /* ContentView.swift in Sources */ = {isa = PBXBuildFile; fileRef = 42A816227B7BB813884F682C /* ContentView.swift */; };
		848E04F4CA4D5554B65EBE9C /* Localizable.strings in Resources */ = {isa = PBXBuildFile; fileRef = BD8A44D01A06FE97C69A66BF /* Localizable.strings */; };
		866C4AE30F140F29EA983246 /* DeviceCard.swift in Sources */ = {isa = PBXBuildFile; fileRef = 07D15368FDB6F074D15A8402 /* DeviceCard.swift */; };
		867E847F34BD49BA30B88F77 /* icon.png in Resources */ = {isa = PBXBuildFile; fileRef = 7824A16A76CDD2CC6CFCE21A /* icon.png */; };
		86A678FF0DF9734FF19EEF3B /* DataConverter.swift in Sources */ = {isa = PBXBuildFile; fileRef = D3C8A3330117FC4EC6D55498 /* DataConverter.swift */; };
		86DE1391F763FA1C6895A088 /* about_hero.png in Resources */ = {isa = PBXBuildFile; fileRef = DDDC19B0D22B1B8D86C4C147 /* about_hero.png */; };
		8B0C48C4D852F371C97C947A /* tab-cast.png in Resources */ = {isa = PBXBuildFile; fileRef = C456B76E2FA635551DED9D51 /* tab-cast.png */; };
		8B466CEF6EEB506F706652F2 /* release-manifest.json in Resources */ = {isa = PBXBuildFile; fileRef = DEDDFE96A80D8CEA4E5DCD37 /* release-manifest.json */; };
		8E875D75443157D1942302F3 /* tab-link.png in Resources */ = {isa = PBXBuildFile; fileRef = 64446958EAA8151FD51250CF /* tab-link.png */; };
		921A0C2494361B62648FBA71 /* doc.png in Resources */ = {isa = PBXBuildFile; fileRef = 645316AC737BA9B099928B61 /* doc.png */; };
		976F4B7E80EE2460DC4793DD /* box.svg in Resources */ = {isa = PBXBuildFile; fileRef = CD00758FA9E1472EF9D44AAE /* box.svg */; };
		9DF938C7F616441174818F61 /* OtaManager.swift in Sources */ = {isa = PBXBuildFile; fileRef = 5BB8E6F17BFD1EA4EF3D1B8E /* OtaManager.swift */; };
		9E1139FC8334639C7B7679E9 /* NativeDesignTokens.swift in Sources */ = {isa = PBXBuildFile; fileRef = 86DA21BADC602366106B63A4 /* NativeDesignTokens.swift */; };
		A9F8C08269495D941B20F684 /* brand_icon.png in Resources */ = {isa = PBXBuildFile; fileRef = 16B84EDEAA2DEDB0F1D69892 /* brand_icon.png */; };
		AF90DC11BCEA2443999D36D6 /* ProvisioningView.swift in Sources */ = {isa = PBXBuildFile; fileRef = E2574585324CB104700E0434 /* ProvisioningView.swift */; };
		BD3B1F7ACB4B72188ABCAEFD /* AboutView.swift in Sources */ = {isa = PBXBuildFile; fileRef = E03F506E73F4818C8C49EE0B /* AboutView.swift */; };
		BE73AEB9EE5747CC1968A919 /* link.svg in Resources */ = {isa = PBXBuildFile; fileRef = 0AEF5FEA1618A22575AE0793 /* link.svg */; };
		BE99955DE93D1F5C3AAD8F47 /* DeviceDetailView.swift in Sources */ = {isa = PBXBuildFile; fileRef = 73DB8A6CEF567DD328E7BA62 /* DeviceDetailView.swift */; };
		BFBCA87701F55D368E05BA3E /* tab-info.svg in Resources */ = {isa = PBXBuildFile; fileRef = 8B0DE8E7916A717E4BF42C4B /* tab-info.svg */; };
		C350EBA39BF658FEB325C20B /* TabBarUITests.swift in Sources */ = {isa = PBXBuildFile; fileRef = E3C549E074D57F5E8E3CA779 /* TabBarUITests.swift */; };
		CABCEAA67DCE0A935C2145CC /* tab-info.png in Resources */ = {isa = PBXBuildFile; fileRef = 24CCE1BA335EB3411D838C7C /* tab-info.png */; };
		CD311A2DE490374E88DCCBCE /* doc.svg in Resources */ = {isa = PBXBuildFile; fileRef = D66EE12FDF3F5AA7EEF2FF7E /* doc.svg */; };
		CE247E438536BF94BE0708EE /* BLEUuids.swift in Sources */ = {isa = PBXBuildFile; fileRef = E1A96626176E83F3A438B76B /* BLEUuids.swift */; };
		CF5B97C48C1C398F8AD1E53A /* NativePageContractTests.swift in Sources */ = {isa = PBXBuildFile; fileRef = D24DD3605F4F3CD0706C750F /* NativePageContractTests.swift */; };
		D4AD18A276CF9CCBC44BB3DC /* link.png in Resources */ = {isa = PBXBuildFile; fileRef = CA7C6628309E85F067A29348 /* link.png */; };
		D4CEBC4D886103DA81578CC6 /* SmartBLEApp.swift in Sources */ = {isa = PBXBuildFile; fileRef = 2D23893A779509A137E6E969 /* SmartBLEApp.swift */; };
		D776576A1CF81F8866F36D4E /* tab-cast.svg in Resources */ = {isa = PBXBuildFile; fileRef = 3B5EC11B28D06A472BE58F69 /* tab-cast.svg */; };
		D938AD1BAD032D40DD56B2F9 /* CommandQueue.swift in Sources */ = {isa = PBXBuildFile; fileRef = 9DC41E4EFEC71424985D1200 /* CommandQueue.swift */; };
		D9768503732DD0C86F0BFA92 /* HidDiagnosticsView.swift in Sources */ = {isa = PBXBuildFile; fileRef = 8F9C6D9C12C339F05AF590B8 /* HidDiagnosticsView.swift */; };
		ECCD5E68DF06C2B9BF5500D7 /* ConnectedDevicesView.swift in Sources */ = {isa = PBXBuildFile; fileRef = C3005D87D1119428FB1ECB66 /* ConnectedDevicesView.swift */; };
		F81B4CB9570607007AAD9CC6 /* HidDeviceDetailView.swift in Sources */ = {isa = PBXBuildFile; fileRef = D6BCAF2E71B8AF57EA743C28 /* HidDeviceDetailView.swift */; };
		F8C01FF7D5BEF63745C1D55F /* HidProvisionManagerTests.swift in Sources */ = {isa = PBXBuildFile; fileRef = CC56BBFE341687CB91A8A352 /* HidProvisionManagerTests.swift */; };
		FB96638A871C24E9EEBE8643 /* NativeComponents.swift in Sources */ = {isa = PBXBuildFile; fileRef = DA521172CCE7B2C0D1D797CF /* NativeComponents.swift */; };
		FD678CB4442BC9E2083C76BE /* BLEManager.swift in Sources */ = {isa = PBXBuildFile; fileRef = 5AF4F26029430920BAAF663F /* BLEManager.swift */; };
		FE762B7F1B90CDBBC342B45C /* ScanView.swift in Sources */ = {isa = PBXBuildFile; fileRef = 7F15F8549CEC94A4D6D44FF1 /* ScanView.swift */; };
/* End PBXBuildFile section */

/* Begin PBXContainerItemProxy section */
		4E445857C51810495BDE7378 /* PBXContainerItemProxy */ = {
			isa = PBXContainerItemProxy;
			containerPortal = 9B59E989B69DB407E991FF5D /* Project object */;
			proxyType = 1;
			remoteGlobalIDString = 5D5E79DDF7640D48210797D7;
			remoteInfo = SmartBLEiOS;
		};
		9216AD43A3C3A5054518BE8F /* PBXContainerItemProxy */ = {
			isa = PBXContainerItemProxy;
			containerPortal = 9B59E989B69DB407E991FF5D /* Project object */;
			proxyType = 1;
			remoteGlobalIDString = 5D5E79DDF7640D48210797D7;
			remoteInfo = SmartBLEiOS;
		};
/* End PBXContainerItemProxy section */

/* Begin PBXFileReference section */
		0006B12F2F5FEC51463E3F10 /* SmartBLEiOS.app */ = {isa = PBXFileReference; includeInIndex = 0; lastKnownFileType = wrapper.application; path = SmartBLEiOS.app; sourceTree = BUILT_PRODUCTS_DIR; };
		07D15368FDB6F074D15A8402 /* DeviceCard.swift */ = {isa = PBXFileReference; lastKnownFileType = sourcecode.swift; path = DeviceCard.swift; sourceTree = "<group>"; };
		082D316469BAA45C08860A49 /* HidProvisionManager.swift */ = {isa = PBXFileReference; lastKnownFileType = sourcecode.swift; path = HidProvisionManager.swift; sourceTree = "<group>"; };
		0AEF5FEA1618A22575AE0793 /* link.svg */ = {isa = PBXFileReference; path = link.svg; sourceTree = "<group>"; };
		1182918520BEA6E16E071F11 /* about-hero.png */ = {isa = PBXFileReference; lastKnownFileType = image.png; path = "about-hero.png"; sourceTree = "<group>"; };
		137F253935B8138373A74D80 /* LogPanel.swift */ = {isa = PBXFileReference; lastKnownFileType = sourcecode.swift; path = LogPanel.swift; sourceTree = "<group>"; };
		13E2AA0791F9F19E24C9AB33 /* AppleSharedCoreWiringTests.swift */ = {isa = PBXFileReference; lastKnownFileType = sourcecode.swift; path = AppleSharedCoreWiringTests.swift; sourceTree = "<group>"; };
		16B84EDEAA2DEDB0F1D69892 /* brand_icon.png */ = {isa = PBXFileReference; lastKnownFileType = image.png; path = brand_icon.png; sourceTree = "<group>"; };
		214EC627A3E1D4D8CCA10D18 /* tab-scan.png */ = {isa = PBXFileReference; lastKnownFileType = image.png; path = "tab-scan.png"; sourceTree = "<group>"; };
		24CCE1BA335EB3411D838C7C /* tab-info.png */ = {isa = PBXFileReference; lastKnownFileType = image.png; path = "tab-info.png"; sourceTree = "<group>"; };
		2A26FEFDAD57751BC05BA2C6 /* NativePreviewHarness.swift */ = {isa = PBXFileReference; lastKnownFileType = sourcecode.swift; path = NativePreviewHarness.swift; sourceTree = "<group>"; };
		2D23893A779509A137E6E969 /* SmartBLEApp.swift */ = {isa = PBXFileReference; lastKnownFileType = sourcecode.swift; path = SmartBLEApp.swift; sourceTree = "<group>"; };
		353DD7C7D567716B4275A7DA /* radar.png */ = {isa = PBXFileReference; lastKnownFileType = image.png; path = radar.png; sourceTree = "<group>"; };
		379EDFD1A1865294CCF5CCBB /* share.png */ = {isa = PBXFileReference; lastKnownFileType = image.png; path = share.png; sourceTree = "<group>"; };
		39729EE1F35ECA27CD1C6D57 /* SmartHidQrScanner.swift */ = {isa = PBXFileReference; lastKnownFileType = sourcecode.swift; path = SmartHidQrScanner.swift; sourceTree = "<group>"; };
		3B5EC11B28D06A472BE58F69 /* tab-cast.svg */ = {isa = PBXFileReference; path = "tab-cast.svg"; sourceTree = "<group>"; };
		42A816227B7BB813884F682C /* ContentView.swift */ = {isa = PBXFileReference; lastKnownFileType = sourcecode.swift; path = ContentView.swift; sourceTree = "<group>"; };
		462DA3B443181DB32C47D13E /* ServicePanel.swift */ = {isa = PBXFileReference; lastKnownFileType = sourcecode.swift; path = ServicePanel.swift; sourceTree = "<group>"; };
		4CC42244C97C0B70F43BD70C /* en */ = {isa = PBXFileReference; lastKnownFileType = text.plist.strings; name = en; path = en.lproj/Localizable.strings; sourceTree = "<group>"; };
		4E41D4D2C89B1487693E71F2 /* SmartHidCore */ = {isa = PBXFileReference; lastKnownFileType = folder; name = SmartHidCore; path = ../../core/apple/SmartHidCore; sourceTree = SOURCE_ROOT; };
		52779D52F0DFC170465641E4 /* OtaUpgradeDialog.swift */ = {isa = PBXFileReference; lastKnownFileType = sourcecode.swift; path = OtaUpgradeDialog.swift; sourceTree = "<group>"; };
		56BB7ACAD0145FCA623322D7 /* FilterPanel.swift */ = {isa = PBXFileReference; lastKnownFileType = sourcecode.swift; path = FilterPanel.swift; sourceTree = "<group>"; };
		5887751BF8D9EEF34776C108 /* ReleaseMetadata.swift */ = {isa = PBXFileReference; lastKnownFileType = sourcecode.swift; path = ReleaseMetadata.swift; sourceTree = "<group>"; };
		5AF4F26029430920BAAF663F /* BLEManager.swift */ = {isa = PBXFileReference; lastKnownFileType = sourcecode.swift; path = BLEManager.swift; sourceTree = "<group>"; };
		5BB8E6F17BFD1EA4EF3D1B8E /* OtaManager.swift */ = {isa = PBXFileReference; lastKnownFileType = sourcecode.swift; path = OtaManager.swift; sourceTree = "<group>"; };
		64446958EAA8151FD51250CF /* tab-link.png */ = {isa = PBXFileReference; lastKnownFileType = image.png; path = "tab-link.png"; sourceTree = "<group>"; };
		645316AC737BA9B099928B61 /* doc.png */ = {isa = PBXFileReference; lastKnownFileType = image.png; path = doc.png; sourceTree = "<group>"; };
		64BC9EE8BC96882601EF97FA /* SmartBLEUITests.xctest */ = {isa = PBXFileReference; includeInIndex = 0; lastKnownFileType = wrapper.cfbundle; path = SmartBLEUITests.xctest; sourceTree = BUILT_PRODUCTS_DIR; };
		73DB8A6CEF567DD328E7BA62 /* DeviceDetailView.swift */ = {isa = PBXFileReference; lastKnownFileType = sourcecode.swift; path = DeviceDetailView.swift; sourceTree = "<group>"; };
		7824A16A76CDD2CC6CFCE21A /* icon.png */ = {isa = PBXFileReference; lastKnownFileType = image.png; path = icon.png; sourceTree = "<group>"; };
		7D67DC154DABAD8A2D7A79CC /* bt.png */ = {isa = PBXFileReference; lastKnownFileType = image.png; path = bt.png; sourceTree = "<group>"; };
		7F15F8549CEC94A4D6D44FF1 /* ScanView.swift */ = {isa = PBXFileReference; lastKnownFileType = sourcecode.swift; path = ScanView.swift; sourceTree = "<group>"; };
		86DA21BADC602366106B63A4 /* NativeDesignTokens.swift */ = {isa = PBXFileReference; lastKnownFileType = sourcecode.swift; path = NativeDesignTokens.swift; sourceTree = "<group>"; };
		8A64A4937D6D7D446DBFD205 /* SmartBLETests.xctest */ = {isa = PBXFileReference; includeInIndex = 0; lastKnownFileType = wrapper.cfbundle; path = SmartBLETests.xctest; sourceTree = BUILT_PRODUCTS_DIR; };
		8B0DE8E7916A717E4BF42C4B /* tab-info.svg */ = {isa = PBXFileReference; path = "tab-info.svg"; sourceTree = "<group>"; };
		8F9C6D9C12C339F05AF590B8 /* HidDiagnosticsView.swift */ = {isa = PBXFileReference; lastKnownFileType = sourcecode.swift; path = HidDiagnosticsView.swift; sourceTree = "<group>"; };
		932FCEB76F117168BE34D4FF /* bt.svg */ = {isa = PBXFileReference; path = bt.svg; sourceTree = "<group>"; };
		9DC41E4EFEC71424985D1200 /* CommandQueue.swift */ = {isa = PBXFileReference; lastKnownFileType = sourcecode.swift; path = CommandQueue.swift; sourceTree = "<group>"; };
		A8E7C88C56F5158B76242441 /* BLEModels.swift */ = {isa = PBXFileReference; lastKnownFileType = sourcecode.swift; path = BLEModels.swift; sourceTree = "<group>"; };
		B19E5990363F73DC83E6CA57 /* box.png */ = {isa = PBXFileReference; lastKnownFileType = image.png; path = box.png; sourceTree = "<group>"; };
		C147C380D7B5409A069AEE00 /* share_card.png */ = {isa = PBXFileReference; lastKnownFileType = image.png; path = share_card.png; sourceTree = "<group>"; };
		C3005D87D1119428FB1ECB66 /* ConnectedDevicesView.swift */ = {isa = PBXFileReference; lastKnownFileType = sourcecode.swift; path = ConnectedDevicesView.swift; sourceTree = "<group>"; };
		C3A4DB018938F07D52FB634F /* WriteDialog.swift */ = {isa = PBXFileReference; lastKnownFileType = sourcecode.swift; path = WriteDialog.swift; sourceTree = "<group>"; };
		C456B76E2FA635551DED9D51 /* tab-cast.png */ = {isa = PBXFileReference; lastKnownFileType = image.png; path = "tab-cast.png"; sourceTree = "<group>"; };
		CA7C6628309E85F067A29348 /* link.png */ = {isa = PBXFileReference; lastKnownFileType = image.png; path = link.png; sourceTree = "<group>"; };
		CAAC8A5AE64E60A45F81D477 /* zh-Hans */ = {isa = PBXFileReference; lastKnownFileType = text.plist.strings; name = "zh-Hans"; path = "zh-Hans.lproj/Localizable.strings"; sourceTree = "<group>"; };
		CC56BBFE341687CB91A8A352 /* HidProvisionManagerTests.swift */ = {isa = PBXFileReference; lastKnownFileType = sourcecode.swift; path = HidProvisionManagerTests.swift; sourceTree = "<group>"; };
		CD00758FA9E1472EF9D44AAE /* box.svg */ = {isa = PBXFileReference; path = box.svg; sourceTree = "<group>"; };
		D24DD3605F4F3CD0706C750F /* NativePageContractTests.swift */ = {isa = PBXFileReference; lastKnownFileType = sourcecode.swift; path = NativePageContractTests.swift; sourceTree = "<group>"; };
		D3C8A3330117FC4EC6D55498 /* DataConverter.swift */ = {isa = PBXFileReference; lastKnownFileType = sourcecode.swift; path = DataConverter.swift; sourceTree = "<group>"; };
		D4732E6CD458D0E53506B9DB /* radar.svg */ = {isa = PBXFileReference; path = radar.svg; sourceTree = "<group>"; };
		D66EE12FDF3F5AA7EEF2FF7E /* doc.svg */ = {isa = PBXFileReference; path = doc.svg; sourceTree = "<group>"; };
		D6BCAF2E71B8AF57EA743C28 /* HidDeviceDetailView.swift */ = {isa = PBXFileReference; lastKnownFileType = sourcecode.swift; path = HidDeviceDetailView.swift; sourceTree = "<group>"; };
		D8A6671DD294AC769FEBC338 /* BroadcastView.swift */ = {isa = PBXFileReference; lastKnownFileType = sourcecode.swift; path = BroadcastView.swift; sourceTree = "<group>"; };
		DA521172CCE7B2C0D1D797CF /* NativeComponents.swift */ = {isa = PBXFileReference; lastKnownFileType = sourcecode.swift; path = NativeComponents.swift; sourceTree = "<group>"; };
		DB960B568BF716F01E75939B /* tab-scan.svg */ = {isa = PBXFileReference; path = "tab-scan.svg"; sourceTree = "<group>"; };
		DDDC19B0D22B1B8D86C4C147 /* about_hero.png */ = {isa = PBXFileReference; lastKnownFileType = image.png; path = about_hero.png; sourceTree = "<group>"; };
		DEDDFE96A80D8CEA4E5DCD37 /* release-manifest.json */ = {isa = PBXFileReference; lastKnownFileType = text.json; path = "release-manifest.json"; sourceTree = "<group>"; };
		DEF1B6E77489C8AC6C3ECAC0 /* VersionHistoryView.swift */ = {isa = PBXFileReference; lastKnownFileType = sourcecode.swift; path = VersionHistoryView.swift; sourceTree = "<group>"; };
		E03F506E73F4818C8C49EE0B /* AboutView.swift */ = {isa = PBXFileReference; lastKnownFileType = sourcecode.swift; path = AboutView.swift; sourceTree = "<group>"; };
		E1A96626176E83F3A438B76B /* BLEUuids.swift */ = {isa = PBXFileReference; lastKnownFileType = sourcecode.swift; path = BLEUuids.swift; sourceTree = "<group>"; };
		E22A8998DC94EAC6893EC901 /* Logger.swift */ = {isa = PBXFileReference; lastKnownFileType = sourcecode.swift; path = Logger.swift; sourceTree = "<group>"; };
		E2574585324CB104700E0434 /* ProvisioningView.swift */ = {isa = PBXFileReference; lastKnownFileType = sourcecode.swift; path = ProvisioningView.swift; sourceTree = "<group>"; };
		E3C549E074D57F5E8E3CA779 /* TabBarUITests.swift */ = {isa = PBXFileReference; lastKnownFileType = sourcecode.swift; path = TabBarUITests.swift; sourceTree = "<group>"; };
		FD6E9C113CB540672F223626 /* tab-link.svg */ = {isa = PBXFileReference; path = "tab-link.svg"; sourceTree = "<group>"; };
/* End PBXFileReference section */

/* Begin PBXFrameworksBuildPhase section */
		9D401AAD787D321BA047D2DF /* Frameworks */ = {
			isa = PBXFrameworksBuildPhase;
			buildActionMask = 2147483647;
			files = (
				1F4F7E8A02FD10B207986A5C /* SmartHidCore in Frameworks */,
			);
			runOnlyForDeploymentPostprocessing = 0;
		};
		C008BD92757D83E153157784 /* Frameworks */ = {
			isa = PBXFrameworksBuildPhase;
			buildActionMask = 2147483647;
			files = (
				097C4AFB40A786795E7927CE /* SmartHidCore in Frameworks */,
			);
			runOnlyForDeploymentPostprocessing = 0;
		};
/* End PBXFrameworksBuildPhase section */

/* Begin PBXGroup section */
		065CAEE5487492293A172360 /* Illustrations */ = {
			isa = PBXGroup;
			children = (
				B19E5990363F73DC83E6CA57 /* box.png */,
				CD00758FA9E1472EF9D44AAE /* box.svg */,
				7D67DC154DABAD8A2D7A79CC /* bt.png */,
				932FCEB76F117168BE34D4FF /* bt.svg */,
				645316AC737BA9B099928B61 /* doc.png */,
				D66EE12FDF3F5AA7EEF2FF7E /* doc.svg */,
				CA7C6628309E85F067A29348 /* link.png */,
				0AEF5FEA1618A22575AE0793 /* link.svg */,
				353DD7C7D567716B4275A7DA /* radar.png */,
				D4732E6CD458D0E53506B9DB /* radar.svg */,
				C456B76E2FA635551DED9D51 /* tab-cast.png */,
				3B5EC11B28D06A472BE58F69 /* tab-cast.svg */,
				24CCE1BA335EB3411D838C7C /* tab-info.png */,
				8B0DE8E7916A717E4BF42C4B /* tab-info.svg */,
				64446958EAA8151FD51250CF /* tab-link.png */,
				FD6E9C113CB540672F223626 /* tab-link.svg */,
				214EC627A3E1D4D8CCA10D18 /* tab-scan.png */,
				DB960B568BF716F01E75939B /* tab-scan.svg */,
			);
			path = Illustrations;
			sourceTree = "<group>";
		};
		074619DEEB58FA52AE4B6055 /* Components */ = {
			isa = PBXGroup;
			children = (
				07D15368FDB6F074D15A8402 /* DeviceCard.swift */,
				56BB7ACAD0145FCA623322D7 /* FilterPanel.swift */,
				137F253935B8138373A74D80 /* LogPanel.swift */,
				462DA3B443181DB32C47D13E /* ServicePanel.swift */,
				39729EE1F35ECA27CD1C6D57 /* SmartHidQrScanner.swift */,
				C3A4DB018938F07D52FB634F /* WriteDialog.swift */,
			);
			path = Components;
			sourceTree = "<group>";
		};
		0F2D896D906E2A03F9579C5E /* SmartBLEUITests */ = {
			isa = PBXGroup;
			children = (
				E3C549E074D57F5E8E3CA779 /* TabBarUITests.swift */,
			);
			path = SmartBLEUITests;
			sourceTree = "<group>";
		};
		1145D73BB312F3C2534CC4B9 /* Utils */ = {
			isa = PBXGroup;
			children = (
				9DC41E4EFEC71424985D1200 /* CommandQueue.swift */,
				D3C8A3330117FC4EC6D55498 /* DataConverter.swift */,
				E22A8998DC94EAC6893EC901 /* Logger.swift */,
			);
			path = Utils;
			sourceTree = "<group>";
		};
		11A27E194B74622840C51A73 /* Brand */ = {
			isa = PBXGroup;
			children = (
				DDDC19B0D22B1B8D86C4C147 /* about_hero.png */,
				1182918520BEA6E16E071F11 /* about-hero.png */,
				16B84EDEAA2DEDB0F1D69892 /* brand_icon.png */,
				7824A16A76CDD2CC6CFCE21A /* icon.png */,
				C147C380D7B5409A069AEE00 /* share_card.png */,
				379EDFD1A1865294CCF5CCBB /* share.png */,
			);
			path = Brand;
			sourceTree = "<group>";
		};
		1492C0988AC6DFA601A79B0C = {
			isa = PBXGroup;
			children = (
				D202D305B895CB95AF4F1FCB /* Packages */,
				DC29378558504D916094B1C1 /* Sources */,
				E15FBA08F868FDC35E52C296 /* Tests */,
				D4F575CA4A1F02C47DB76674 /* Products */,
			);
			sourceTree = "<group>";
		};
		4D5E8A9153F23DFDC894ED97 /* Release */ = {
			isa = PBXGroup;
			children = (
				DEDDFE96A80D8CEA4E5DCD37 /* release-manifest.json */,
			);
			path = Release;
			sourceTree = "<group>";
		};
		5B60B2FB338B0A2F8323C460 /* Resources */ = {
			isa = PBXGroup;
			children = (
				BD8A44D01A06FE97C69A66BF /* Localizable.strings */,
				11A27E194B74622840C51A73 /* Brand */,
				065CAEE5487492293A172360 /* Illustrations */,
				4D5E8A9153F23DFDC894ED97 /* Release */,
			);
			path = Resources;
			sourceTree = "<group>";
		};
		82D97F554CFCA7A23CBC31A7 /* Design */ = {
			isa = PBXGroup;
			children = (
				DA521172CCE7B2C0D1D797CF /* NativeComponents.swift */,
				86DA21BADC602366106B63A4 /* NativeDesignTokens.swift */,
				2A26FEFDAD57751BC05BA2C6 /* NativePreviewHarness.swift */,
			);
			path = Design;
			sourceTree = "<group>";
		};
		83C8021035DA3D27361A5DAA /* Views */ = {
			isa = PBXGroup;
			children = (
				E03F506E73F4818C8C49EE0B /* AboutView.swift */,
				D8A6671DD294AC769FEBC338 /* BroadcastView.swift */,
				C3005D87D1119428FB1ECB66 /* ConnectedDevicesView.swift */,
				42A816227B7BB813884F682C /* ContentView.swift */,
				73DB8A6CEF567DD328E7BA62 /* DeviceDetailView.swift */,
				D6BCAF2E71B8AF57EA743C28 /* HidDeviceDetailView.swift */,
				8F9C6D9C12C339F05AF590B8 /* HidDiagnosticsView.swift */,
				52779D52F0DFC170465641E4 /* OtaUpgradeDialog.swift */,
				E2574585324CB104700E0434 /* ProvisioningView.swift */,
				7F15F8549CEC94A4D6D44FF1 /* ScanView.swift */,
				DEF1B6E77489C8AC6C3ECAC0 /* VersionHistoryView.swift */,
				074619DEEB58FA52AE4B6055 /* Components */,
			);
			path = Views;
			sourceTree = "<group>";
		};
		9C98EB5DED394E8806520DC1 /* Manager */ = {
			isa = PBXGroup;
			children = (
				5AF4F26029430920BAAF663F /* BLEManager.swift */,
				082D316469BAA45C08860A49 /* HidProvisionManager.swift */,
				5BB8E6F17BFD1EA4EF3D1B8E /* OtaManager.swift */,
			);
			path = Manager;
			sourceTree = "<group>";
		};
		C16DABF9813871244D78B9F0 /* SmartBLETests */ = {
			isa = PBXGroup;
			children = (
				13E2AA0791F9F19E24C9AB33 /* AppleSharedCoreWiringTests.swift */,
				CC56BBFE341687CB91A8A352 /* HidProvisionManagerTests.swift */,
				D24DD3605F4F3CD0706C750F /* NativePageContractTests.swift */,
			);
			path = SmartBLETests;
			sourceTree = "<group>";
		};
		D202D305B895CB95AF4F1FCB /* Packages */ = {
			isa = PBXGroup;
			children = (
				4E41D4D2C89B1487693E71F2 /* SmartHidCore */,
			);
			name = Packages;
			sourceTree = "<group>";
		};
		D4F575CA4A1F02C47DB76674 /* Products */ = {
			isa = PBXGroup;
			children = (
				0006B12F2F5FEC51463E3F10 /* SmartBLEiOS.app */,
				8A64A4937D6D7D446DBFD205 /* SmartBLETests.xctest */,
				64BC9EE8BC96882601EF97FA /* SmartBLEUITests.xctest */,
			);
			name = Products;
			sourceTree = "<group>";
		};
		DC29378558504D916094B1C1 /* Sources */ = {
			isa = PBXGroup;
			children = (
				2D23893A779509A137E6E969 /* SmartBLEApp.swift */,
				82D97F554CFCA7A23CBC31A7 /* Design */,
				9C98EB5DED394E8806520DC1 /* Manager */,
				E41A79DB22F7A89D0340E2B5 /* Models */,
				5B60B2FB338B0A2F8323C460 /* Resources */,
				1145D73BB312F3C2534CC4B9 /* Utils */,
				83C8021035DA3D27361A5DAA /* Views */,
			);
			path = Sources;
			sourceTree = "<group>";
		};
		E15FBA08F868FDC35E52C296 /* Tests */ = {
			isa = PBXGroup;
			children = (
				C16DABF9813871244D78B9F0 /* SmartBLETests */,
				0F2D896D906E2A03F9579C5E /* SmartBLEUITests */,
			);
			path = Tests;
			sourceTree = "<group>";
		};
		E41A79DB22F7A89D0340E2B5 /* Models */ = {
			isa = PBXGroup;
			children = (
				A8E7C88C56F5158B76242441 /* BLEModels.swift */,
				E1A96626176E83F3A438B76B /* BLEUuids.swift */,
				5887751BF8D9EEF34776C108 /* ReleaseMetadata.swift */,
			);
			path = Models;
			sourceTree = "<group>";
		};
/* End PBXGroup section */

/* Begin PBXNativeTarget section */
		5D5E79DDF7640D48210797D7 /* SmartBLEiOS */ = {
			isa = PBXNativeTarget;
			buildConfigurationList = 43D39E903BB15960FB340C09 /* Build configuration list for PBXNativeTarget "SmartBLEiOS" */;
			buildPhases = (
				D8DD48684AB17B41843B6166 /* Sources */,
				6832461B6C4AEAA28F6A20A9 /* Resources */,
				9D401AAD787D321BA047D2DF /* Frameworks */,
			);
			buildRules = (
			);
			dependencies = (
			);
			name = SmartBLEiOS;
			packageProductDependencies = (
				8F9D803588D9FB74511D876F /* SmartHidCore */,
			);
			productName = SmartBLEiOS;
			productReference = 0006B12F2F5FEC51463E3F10 /* SmartBLEiOS.app */;
			productType = "com.apple.product-type.application";
		};
		6264790AE0994A11A55F705C /* SmartBLEUITests */ = {
			isa = PBXNativeTarget;
			buildConfigurationList = BA7EE3345AEEA455A59835CF /* Build configuration list for PBXNativeTarget "SmartBLEUITests" */;
			buildPhases = (
				D2144346991005CE17C299EE /* Sources */,
			);
			buildRules = (
			);
			dependencies = (
				B4795C36D72F9044E334CBC3 /* PBXTargetDependency */,
			);
			name = SmartBLEUITests;
			packageProductDependencies = (
			);
			productName = SmartBLEUITests;
			productReference = 64BC9EE8BC96882601EF97FA /* SmartBLEUITests.xctest */;
			productType = "com.apple.product-type.bundle.ui-testing";
		};
		903D17A032C79A2CFA2D10DF /* SmartBLETests */ = {
			isa = PBXNativeTarget;
			buildConfigurationList = 95E8A6F4AE13A372EEA26412 /* Build configuration list for PBXNativeTarget "SmartBLETests" */;
			buildPhases = (
				0152000A20C28315165359E7 /* Sources */,
				C008BD92757D83E153157784 /* Frameworks */,
			);
			buildRules = (
			);
			dependencies = (
				31D942686DD26F5C3E60128E /* PBXTargetDependency */,
			);
			name = SmartBLETests;
			packageProductDependencies = (
				3248CA4C5D97F11B0A524166 /* SmartHidCore */,
			);
			productName = SmartBLETests;
			productReference = 8A64A4937D6D7D446DBFD205 /* SmartBLETests.xctest */;
			productType = "com.apple.product-type.bundle.unit-test";
		};
/* End PBXNativeTarget section */

/* Begin PBXProject section */
		9B59E989B69DB407E991FF5D /* Project object */ = {
			isa = PBXProject;
			attributes = {
				BuildIndependentTargetsInParallel = YES;
				LastUpgradeCheck = 1430;
				TargetAttributes = {
					5D5E79DDF7640D48210797D7 = {
						DevelopmentTeam = "${IOS_DEVELOPMENT_TEAM}";
						ProvisioningStyle = Automatic;
					};
					6264790AE0994A11A55F705C = {
						DevelopmentTeam = "${IOS_DEVELOPMENT_TEAM}";
						ProvisioningStyle = Automatic;
						TestTargetID = 5D5E79DDF7640D48210797D7;
					};
					903D17A032C79A2CFA2D10DF = {
						DevelopmentTeam = "${IOS_DEVELOPMENT_TEAM}";
						ProvisioningStyle = Automatic;
					};
				};
			};
			buildConfigurationList = A56082D7BF03C9319A00BDC8 /* Build configuration list for PBXProject "SmartBLE" */;
			compatibilityVersion = "Xcode 14.0";
			developmentRegion = en;
			hasScannedForEncodings = 0;
			knownRegions = (
				Base,
				en,
				"zh-Hans",
			);
			mainGroup = 1492C0988AC6DFA601A79B0C;
			minimizedProjectReferenceProxies = 1;
			packageReferences = (
				843E5B301A225031DBE64A55 /* XCLocalSwiftPackageReference "../../core/apple/SmartHidCore" */,
			);
			preferredProjectObjectVersion = 77;
			projectDirPath = "";
			projectRoot = "";
			targets = (
				903D17A032C79A2CFA2D10DF /* SmartBLETests */,
				6264790AE0994A11A55F705C /* SmartBLEUITests */,
				5D5E79DDF7640D48210797D7 /* SmartBLEiOS */,
			);
		};
/* End PBXProject section */

/* Begin PBXResourcesBuildPhase section */
		6832461B6C4AEAA28F6A20A9 /* Resources */ = {
			isa = PBXResourcesBuildPhase;
			buildActionMask = 2147483647;
			files = (
				848E04F4CA4D5554B65EBE9C /* Localizable.strings in Resources */,
				57537C7182D48D0BB032C814 /* about-hero.png in Resources */,
				86DE1391F763FA1C6895A088 /* about_hero.png in Resources */,
				02984DA30B01E06660866F19 /* box.png in Resources */,
				976F4B7E80EE2460DC4793DD /* box.svg in Resources */,
				A9F8C08269495D941B20F684 /* brand_icon.png in Resources */,
				225C429A6FDD1EDC1AE93C26 /* bt.png in Resources */,
				10EA2585DDFD1748B70C74D2 /* bt.svg in Resources */,
				921A0C2494361B62648FBA71 /* doc.png in Resources */,
				CD311A2DE490374E88DCCBCE /* doc.svg in Resources */,
				867E847F34BD49BA30B88F77 /* icon.png in Resources */,
				D4AD18A276CF9CCBC44BB3DC /* link.png in Resources */,
				BE73AEB9EE5747CC1968A919 /* link.svg in Resources */,
				3CDCDEED2003B09499EA43E0 /* radar.png in Resources */,
				5669025A5A57E48D9EEFADCC /* radar.svg in Resources */,
				8B466CEF6EEB506F706652F2 /* release-manifest.json in Resources */,
				68DF476C49CA0238E0B54BD7 /* share.png in Resources */,
				40B426BD179EFB99E60E7821 /* share_card.png in Resources */,
				8B0C48C4D852F371C97C947A /* tab-cast.png in Resources */,
				D776576A1CF81F8866F36D4E /* tab-cast.svg in Resources */,
				CABCEAA67DCE0A935C2145CC /* tab-info.png in Resources */,
				BFBCA87701F55D368E05BA3E /* tab-info.svg in Resources */,
				8E875D75443157D1942302F3 /* tab-link.png in Resources */,
				06330C84ACA2567B81B0F84E /* tab-link.svg in Resources */,
				6696F7BB157029F12D505B04 /* tab-scan.png in Resources */,
				633C94A76093D159A92F37CB /* tab-scan.svg in Resources */,
			);
			runOnlyForDeploymentPostprocessing = 0;
		};
/* End PBXResourcesBuildPhase section */

/* Begin PBXSourcesBuildPhase section */
		0152000A20C28315165359E7 /* Sources */ = {
			isa = PBXSourcesBuildPhase;
			buildActionMask = 2147483647;
			files = (
				069755C8343B8C3B00C74985 /* AppleSharedCoreWiringTests.swift in Sources */,
				F8C01FF7D5BEF63745C1D55F /* HidProvisionManagerTests.swift in Sources */,
				CF5B97C48C1C398F8AD1E53A /* NativePageContractTests.swift in Sources */,
			);
			runOnlyForDeploymentPostprocessing = 0;
		};
		D2144346991005CE17C299EE /* Sources */ = {
			isa = PBXSourcesBuildPhase;
			buildActionMask = 2147483647;
			files = (
				C350EBA39BF658FEB325C20B /* TabBarUITests.swift in Sources */,
			);
			runOnlyForDeploymentPostprocessing = 0;
		};
		D8DD48684AB17B41843B6166 /* Sources */ = {
			isa = PBXSourcesBuildPhase;
			buildActionMask = 2147483647;
			files = (
				BD3B1F7ACB4B72188ABCAEFD /* AboutView.swift in Sources */,
				FD678CB4442BC9E2083C76BE /* BLEManager.swift in Sources */,
				6F88CC4C9F9D9C85A883134C /* BLEModels.swift in Sources */,
				CE247E438536BF94BE0708EE /* BLEUuids.swift in Sources */,
				53E924BCD78C282F5EA12FAF /* BroadcastView.swift in Sources */,
				D938AD1BAD032D40DD56B2F9 /* CommandQueue.swift in Sources */,
				ECCD5E68DF06C2B9BF5500D7 /* ConnectedDevicesView.swift in Sources */,
				8414C3B75253591FB9951615 /* ContentView.swift in Sources */,
				86A678FF0DF9734FF19EEF3B /* DataConverter.swift in Sources */,
				866C4AE30F140F29EA983246 /* DeviceCard.swift in Sources */,
				BE99955DE93D1F5C3AAD8F47 /* DeviceDetailView.swift in Sources */,
				02C1E9A863F5B0F75C07AAC3 /* FilterPanel.swift in Sources */,
				F81B4CB9570607007AAD9CC6 /* HidDeviceDetailView.swift in Sources */,
				D9768503732DD0C86F0BFA92 /* HidDiagnosticsView.swift in Sources */,
				0559D24DED38048DE321B2E1 /* HidProvisionManager.swift in Sources */,
				2CE70E0DA00FF8E86555F06B /* LogPanel.swift in Sources */,
				1BFF657A638115F8CBB179D2 /* Logger.swift in Sources */,
				FB96638A871C24E9EEBE8643 /* NativeComponents.swift in Sources */,
				9E1139FC8334639C7B7679E9 /* NativeDesignTokens.swift in Sources */,
				7E461111074363D3F9F64892 /* NativePreviewHarness.swift in Sources */,
				9DF938C7F616441174818F61 /* OtaManager.swift in Sources */,
				034E5E5D025224B4D6451B32 /* OtaUpgradeDialog.swift in Sources */,
				AF90DC11BCEA2443999D36D6 /* ProvisioningView.swift in Sources */,
				755FC5EC754408DE8917B0EA /* ReleaseMetadata.swift in Sources */,
				FE762B7F1B90CDBBC342B45C /* ScanView.swift in Sources */,
				3B84C81AA4A1C69D6F02E4D3 /* ServicePanel.swift in Sources */,
				D4CEBC4D886103DA81578CC6 /* SmartBLEApp.swift in Sources */,
				096EC2E2DD28621B93D2E4EF /* SmartHidQrScanner.swift in Sources */,
				6DCF321F6600F24CF5E1EB53 /* VersionHistoryView.swift in Sources */,
				3CDB7BCA1DD5A74CEC88270B /* WriteDialog.swift in Sources */,
			);
			runOnlyForDeploymentPostprocessing = 0;
		};
/* End PBXSourcesBuildPhase section */

/* Begin PBXTargetDependency section */
		31D942686DD26F5C3E60128E /* PBXTargetDependency */ = {
			isa = PBXTargetDependency;
			target = 5D5E79DDF7640D48210797D7 /* SmartBLEiOS */;
			targetProxy = 4E445857C51810495BDE7378 /* PBXContainerItemProxy */;
		};
		B4795C36D72F9044E334CBC3 /* PBXTargetDependency */ = {
			isa = PBXTargetDependency;
			target = 5D5E79DDF7640D48210797D7 /* SmartBLEiOS */;
			targetProxy = 9216AD43A3C3A5054518BE8F /* PBXContainerItemProxy */;
		};
/* End PBXTargetDependency section */

/* Begin PBXVariantGroup section */
		BD8A44D01A06FE97C69A66BF /* Localizable.strings */ = {
			isa = PBXVariantGroup;
			children = (
				4CC42244C97C0B70F43BD70C /* en */,
				CAAC8A5AE64E60A45F81D477 /* zh-Hans */,
			);
			name = Localizable.strings;
			sourceTree = "<group>";
		};
/* End PBXVariantGroup section */

/* Begin XCBuildConfiguration section */
		069F14C5A885BF0EFCFEA04A /* Release */ = {
			isa = XCBuildConfiguration;
			buildSettings = {
				ASSETCATALOG_COMPILER_APPICON_NAME = AppIcon;
				CODE_SIGN_ENTITLEMENTS = SmartBLE/Resources/SmartBLE.entitlements;
				CODE_SIGN_IDENTITY = "iPhone Developer";
				INFOPLIST_FILE = SmartBLE/Resources/Info.plist;
				IPHONEOS_DEPLOYMENT_TARGET = 15.0;
				LD_RUNPATH_SEARCH_PATHS = (
					"$(inherited)",
					"@executable_path/Frameworks",
				);
				PRODUCT_BUNDLE_IDENTIFIER = com.luoyaosheng.smartble.ios;
				SDKROOT = iphoneos;
				TARGETED_DEVICE_FAMILY = "1,2";
			};
			name = Release;
		};
		0C522C647FF92DDD5E153EE4 /* Debug */ = {
			isa = XCBuildConfiguration;
			buildSettings = {
				BUNDLE_LOADER = "$(TEST_HOST)";
				GENERATE_INFOPLIST_FILE = YES;
				IPHONEOS_DEPLOYMENT_TARGET = 15.0;
				LD_RUNPATH_SEARCH_PATHS = (
					"$(inherited)",
					"@executable_path/Frameworks",
					"@loader_path/Frameworks",
				);
				PRODUCT_BUNDLE_IDENTIFIER = com.luoyaosheng.smartble.ios.uitests;
				PRODUCT_MODULE_NAME = SmartBLEUITests;
				PRODUCT_NAME = SmartBLEUITests;
				SDKROOT = iphoneos;
				TARGETED_DEVICE_FAMILY = "1,2";
				TEST_TARGET_NAME = SmartBLEiOS;
			};
			name = Debug;
		};
		52859278A4165C5CD9F30F24 /* Release */ = {
			isa = XCBuildConfiguration;
			buildSettings = {
				ALWAYS_SEARCH_USER_PATHS = NO;
				ASSETCATALOG_COMPILER_APPICON_NAME = AppIcon;
				ASSETCATALOG_COMPILER_GLOBAL_ACCENT_COLOR_NAME = AccentColor;
				CLANG_ANALYZER_NONNULL = YES;
				CLANG_ANALYZER_NUMBER_OBJECT_CONVERSION = YES_AGGRESSIVE;
				CLANG_CXX_LANGUAGE_STANDARD = "gnu++14";
				CLANG_CXX_LIBRARY = "libc++";
				CLANG_ENABLE_MODULES = YES;
				CLANG_ENABLE_OBJC_ARC = YES;
				CLANG_ENABLE_OBJC_WEAK = YES;
				CLANG_WARN_BLOCK_CAPTURE_AUTORELEASING = YES;
				CLANG_WARN_BOOL_CONVERSION = YES;
				CLANG_WARN_COMMA = YES;
				CLANG_WARN_CONSTANT_CONVERSION = YES;
				CLANG_WARN_DEPRECATED_OBJC_IMPLEMENTATIONS = YES;
				CLANG_WARN_DIRECT_OBJC_ISA_USAGE = YES_ERROR;
				CLANG_WARN_DOCUMENTATION_COMMENTS = YES;
				CLANG_WARN_EMPTY_BODY = YES;
				CLANG_WARN_ENUM_CONVERSION = YES;
				CLANG_WARN_INFINITE_RECURSION = YES;
				CLANG_WARN_INT_CONVERSION = YES;
				CLANG_WARN_NON_LITERAL_NULL_CONVERSION = YES;
				CLANG_WARN_OBJC_IMPLICIT_RETAIN_SELF = YES;
				CLANG_WARN_OBJC_LITERAL_CONVERSION = YES;
				CLANG_WARN_OBJC_ROOT_CLASS = YES_ERROR;
				CLANG_WARN_QUOTED_INCLUDE_IN_FRAMEWORK_HEADER = YES;
				CLANG_WARN_RANGE_LOOP_ANALYSIS = YES;
				CLANG_WARN_STRICT_PROTOTYPES = YES;
				CLANG_WARN_SUSPICIOUS_MOVE = YES;
				CLANG_WARN_UNGUARDED_AVAILABILITY = YES_AGGRESSIVE;
				CLANG_WARN_UNREACHABLE_CODE = YES;
				CLANG_WARN__DUPLICATE_METHOD_MATCH = YES;
				CODE_SIGN_STYLE = Automatic;
				COPY_PHASE_STRIP = NO;
				CURRENT_PROJECT_VERSION = 1;
				DEBUG_INFORMATION_FORMAT = "dwarf-with-dsym";
				DEVELOPMENT_ASSET_PATHS = "";
				DEVELOPMENT_TEAM = "${IOS_DEVELOPMENT_TEAM}";
				ENABLE_NS_ASSERTIONS = NO;
				ENABLE_STRICT_OBJC_MSGSEND = YES;
				GCC_C_LANGUAGE_STANDARD = gnu11;
				GCC_NO_COMMON_BLOCKS = YES;
				GCC_WARN_64_TO_32_BIT_CONVERSION = YES;
				GCC_WARN_ABOUT_RETURN_TYPE = YES_ERROR;
				GCC_WARN_UNDECLARED_SELECTOR = YES;
				GCC_WARN_UNINITIALIZED_AUTOS = YES_AGGRESSIVE;
				GCC_WARN_UNUSED_FUNCTION = YES;
				GCC_WARN_UNUSED_VARIABLE = YES;
				GENERATE_INFOPLIST_FILE = NO;
				INFOPLIST_FILE = SmartBLE/Resources/Info.plist;
				INFOPLIST_KEY_CFBundleDisplayName = "Smart BLE";
				IPHONEOS_DEPLOYMENT_TARGET = 15.0;
				MARKETING_VERSION = 2.0.0;
				MTL_ENABLE_DEBUG_INFO = NO;
				MTL_FAST_MATH = YES;
				PRODUCT_BUNDLE_IDENTIFIER = com.luoyaosheng.smartble.ios;
				PRODUCT_DISPLAY_NAME = "Smart BLE";
				PRODUCT_NAME = SmartBLE;
				SDKROOT = iphoneos;
				SWIFT_COMPILATION_MODE = wholemodule;
				SWIFT_OPTIMIZATION_LEVEL = "-O";
				SWIFT_VERSION = 5.9;
				TARGETED_DEVICE_FAMILY = "1,2";
			};
			name = Release;
		};
		640A23928784B354284AF39B /* Release */ = {
			isa = XCBuildConfiguration;
			buildSettings = {
				BUNDLE_LOADER = "$(TEST_HOST)";
				GENERATE_INFOPLIST_FILE = YES;
				INFOPLIST_FILE = "";
				IPHONEOS_DEPLOYMENT_TARGET = 15.0;
				LD_RUNPATH_SEARCH_PATHS = (
					"$(inherited)",
					"@executable_path/Frameworks",
					"@loader_path/Frameworks",
				);
				PRODUCT_BUNDLE_IDENTIFIER = com.luoyaosheng.smartble.ios.tests;
				PRODUCT_MODULE_NAME = SmartBLETests;
				PRODUCT_NAME = SmartBLETests;
				SDKROOT = iphoneos;
				TARGETED_DEVICE_FAMILY = "1,2";
				TEST_HOST = "$(BUILT_PRODUCTS_DIR)/SmartBLE.app/SmartBLE";
			};
			name = Release;
		};
		7E3575436FC4438071A40409 /* Debug */ = {
			isa = XCBuildConfiguration;
			buildSettings = {
				BUNDLE_LOADER = "$(TEST_HOST)";
				GENERATE_INFOPLIST_FILE = YES;
				INFOPLIST_FILE = "";
				IPHONEOS_DEPLOYMENT_TARGET = 15.0;
				LD_RUNPATH_SEARCH_PATHS = (
					"$(inherited)",
					"@executable_path/Frameworks",
					"@loader_path/Frameworks",
				);
				PRODUCT_BUNDLE_IDENTIFIER = com.luoyaosheng.smartble.ios.tests;
				PRODUCT_MODULE_NAME = SmartBLETests;
				PRODUCT_NAME = SmartBLETests;
				SDKROOT = iphoneos;
				TARGETED_DEVICE_FAMILY = "1,2";
				TEST_HOST = "$(BUILT_PRODUCTS_DIR)/SmartBLE.app/SmartBLE";
			};
			name = Debug;
		};
		B7FB2677054671EEF2342DF0 /* Release */ = {
			isa = XCBuildConfiguration;
			buildSettings = {
				BUNDLE_LOADER = "$(TEST_HOST)";
				GENERATE_INFOPLIST_FILE = YES;
				IPHONEOS_DEPLOYMENT_TARGET = 15.0;
				LD_RUNPATH_SEARCH_PATHS = (
					"$(inherited)",
					"@executable_path/Frameworks",
					"@loader_path/Frameworks",
				);
				PRODUCT_BUNDLE_IDENTIFIER = com.luoyaosheng.smartble.ios.uitests;
				PRODUCT_MODULE_NAME = SmartBLEUITests;
				PRODUCT_NAME = SmartBLEUITests;
				SDKROOT = iphoneos;
				TARGETED_DEVICE_FAMILY = "1,2";
				TEST_TARGET_NAME = SmartBLEiOS;
			};
			name = Release;
		};
		D6F426C39E4CE3DD28D9BDF0 /* Debug */ = {
			isa = XCBuildConfiguration;
			buildSettings = {
				ASSETCATALOG_COMPILER_APPICON_NAME = AppIcon;
				CODE_SIGN_ENTITLEMENTS = SmartBLE/Resources/SmartBLE.entitlements;
				CODE_SIGN_IDENTITY = "iPhone Developer";
				INFOPLIST_FILE = SmartBLE/Resources/Info.plist;
				IPHONEOS_DEPLOYMENT_TARGET = 15.0;
				LD_RUNPATH_SEARCH_PATHS = (
					"$(inherited)",
					"@executable_path/Frameworks",
				);
				PRODUCT_BUNDLE_IDENTIFIER = com.luoyaosheng.smartble.ios;
				SDKROOT = iphoneos;
				TARGETED_DEVICE_FAMILY = "1,2";
			};
			name = Debug;
		};
		F6157FABD53930025EE2DE68 /* Debug */ = {
			isa = XCBuildConfiguration;
			buildSettings = {
				ALWAYS_SEARCH_USER_PATHS = NO;
				ASSETCATALOG_COMPILER_APPICON_NAME = AppIcon;
				ASSETCATALOG_COMPILER_GLOBAL_ACCENT_COLOR_NAME = AccentColor;
				CLANG_ANALYZER_NONNULL = YES;
				CLANG_ANALYZER_NUMBER_OBJECT_CONVERSION = YES_AGGRESSIVE;
				CLANG_CXX_LANGUAGE_STANDARD = "gnu++14";
				CLANG_CXX_LIBRARY = "libc++";
				CLANG_ENABLE_MODULES = YES;
				CLANG_ENABLE_OBJC_ARC = YES;
				CLANG_ENABLE_OBJC_WEAK = YES;
				CLANG_WARN_BLOCK_CAPTURE_AUTORELEASING = YES;
				CLANG_WARN_BOOL_CONVERSION = YES;
				CLANG_WARN_COMMA = YES;
				CLANG_WARN_CONSTANT_CONVERSION = YES;
				CLANG_WARN_DEPRECATED_OBJC_IMPLEMENTATIONS = YES;
				CLANG_WARN_DIRECT_OBJC_ISA_USAGE = YES_ERROR;
				CLANG_WARN_DOCUMENTATION_COMMENTS = YES;
				CLANG_WARN_EMPTY_BODY = YES;
				CLANG_WARN_ENUM_CONVERSION = YES;
				CLANG_WARN_INFINITE_RECURSION = YES;
				CLANG_WARN_INT_CONVERSION = YES;
				CLANG_WARN_NON_LITERAL_NULL_CONVERSION = YES;
				CLANG_WARN_OBJC_IMPLICIT_RETAIN_SELF = YES;
				CLANG_WARN_OBJC_LITERAL_CONVERSION = YES;
				CLANG_WARN_OBJC_ROOT_CLASS = YES_ERROR;
				CLANG_WARN_QUOTED_INCLUDE_IN_FRAMEWORK_HEADER = YES;
				CLANG_WARN_RANGE_LOOP_ANALYSIS = YES;
				CLANG_WARN_STRICT_PROTOTYPES = YES;
				CLANG_WARN_SUSPICIOUS_MOVE = YES;
				CLANG_WARN_UNGUARDED_AVAILABILITY = YES_AGGRESSIVE;
				CLANG_WARN_UNREACHABLE_CODE = YES;
				CLANG_WARN__DUPLICATE_METHOD_MATCH = YES;
				CODE_SIGN_STYLE = Automatic;
				COPY_PHASE_STRIP = NO;
				CURRENT_PROJECT_VERSION = 1;
				DEBUG_INFORMATION_FORMAT = dwarf;
				DEVELOPMENT_ASSET_PATHS = "";
				DEVELOPMENT_TEAM = "${IOS_DEVELOPMENT_TEAM}";
				ENABLE_STRICT_OBJC_MSGSEND = YES;
				ENABLE_TESTABILITY = YES;
				GCC_C_LANGUAGE_STANDARD = gnu11;
				GCC_DYNAMIC_NO_PIC = NO;
				GCC_NO_COMMON_BLOCKS = YES;
				GCC_OPTIMIZATION_LEVEL = 0;
				GCC_PREPROCESSOR_DEFINITIONS = (
					"$(inherited)",
					"DEBUG=1",
				);
				GCC_WARN_64_TO_32_BIT_CONVERSION = YES;
				GCC_WARN_ABOUT_RETURN_TYPE = YES_ERROR;
				GCC_WARN_UNDECLARED_SELECTOR = YES;
				GCC_WARN_UNINITIALIZED_AUTOS = YES_AGGRESSIVE;
				GCC_WARN_UNUSED_FUNCTION = YES;
				GCC_WARN_UNUSED_VARIABLE = YES;
				GENERATE_INFOPLIST_FILE = NO;
				INFOPLIST_FILE = SmartBLE/Resources/Info.plist;
				INFOPLIST_KEY_CFBundleDisplayName = "Smart BLE";
				IPHONEOS_DEPLOYMENT_TARGET = 15.0;
				MARKETING_VERSION = 2.0.0;
				MTL_ENABLE_DEBUG_INFO = INCLUDE_SOURCE;
				MTL_FAST_MATH = YES;
				ONLY_ACTIVE_ARCH = YES;
				PRODUCT_BUNDLE_IDENTIFIER = com.luoyaosheng.smartble.ios;
				PRODUCT_DISPLAY_NAME = "Smart BLE";
				PRODUCT_NAME = SmartBLE;
				SDKROOT = iphoneos;
				SWIFT_ACTIVE_COMPILATION_CONDITIONS = DEBUG;
				SWIFT_OPTIMIZATION_LEVEL = "-Onone";
				SWIFT_VERSION = 5.9;
				TARGETED_DEVICE_FAMILY = "1,2";
			};
			name = Debug;
		};
/* End XCBuildConfiguration section */

/* Begin XCConfigurationList section */
		43D39E903BB15960FB340C09 /* Build configuration list for PBXNativeTarget "SmartBLEiOS" */ = {
			isa = XCConfigurationList;
			buildConfigurations = (
				D6F426C39E4CE3DD28D9BDF0 /* Debug */,
				069F14C5A885BF0EFCFEA04A /* Release */,
			);
			defaultConfigurationIsVisible = 0;
			defaultConfigurationName = Debug;
		};
		95E8A6F4AE13A372EEA26412 /* Build configuration list for PBXNativeTarget "SmartBLETests" */ = {
			isa = XCConfigurationList;
			buildConfigurations = (
				7E3575436FC4438071A40409 /* Debug */,
				640A23928784B354284AF39B /* Release */,
			);
			defaultConfigurationIsVisible = 0;
			defaultConfigurationName = Debug;
		};
		A56082D7BF03C9319A00BDC8 /* Build configuration list for PBXProject "SmartBLE" */ = {
			isa = XCConfigurationList;
			buildConfigurations = (
				F6157FABD53930025EE2DE68 /* Debug */,
				52859278A4165C5CD9F30F24 /* Release */,
			);
			defaultConfigurationIsVisible = 0;
			defaultConfigurationName = Debug;
		};
		BA7EE3345AEEA455A59835CF /* Build configuration list for PBXNativeTarget "SmartBLEUITests" */ = {
			isa = XCConfigurationList;
			buildConfigurations = (
				0C522C647FF92DDD5E153EE4 /* Debug */,
				B7FB2677054671EEF2342DF0 /* Release */,
			);
			defaultConfigurationIsVisible = 0;
			defaultConfigurationName = Debug;
		};
/* End XCConfigurationList section */

/* Begin XCLocalSwiftPackageReference section */
		843E5B301A225031DBE64A55 /* XCLocalSwiftPackageReference "../../core/apple/SmartHidCore" */ = {
			isa = XCLocalSwiftPackageReference;
			relativePath = ../../core/apple/SmartHidCore;
		};
/* End XCLocalSwiftPackageReference section */

/* Begin XCSwiftPackageProductDependency section */
		3248CA4C5D97F11B0A524166 /* SmartHidCore */ = {
			isa = XCSwiftPackageProductDependency;
			productName = SmartHidCore;
		};
		8F9D803588D9FB74511D876F /* SmartHidCore */ = {
			isa = XCSwiftPackageProductDependency;
			productName = SmartHidCore;
		};
/* End XCSwiftPackageProductDependency section */
	};
	rootObject = 9B59E989B69DB407E991FF5D /* Project object */;
}
